
Microsoft Visual Studio Solution File, Format Version 12.00
# Visual Studio Version 17
VisualStudioVersion = 17.5.33516.290
MinimumVisualStudioVersion = 10.0.40219.1
Project("{9A19103F-16F7-4668-BE54-9A1E7A4F7556}") = "WebApp Entity", "WebApp Entity\WebApp Entity.csproj", "{B8B02050-4166-43FF-A969-D4988317CBD0}"
EndProject
Global
	GlobalSection(SolutionConfigurationPlatforms) = preSolution
		Debug|Any CPU = Debug|Any CPU
		Release|Any CPU = Release|Any CPU
	EndGlobalSection
	GlobalSection(ProjectConfigurationPlatforms) = postSolution
		{B8B02050-4166-43FF-A969-D4988317CBD0}.Debug|Any CPU.ActiveCfg = Debug|Any CPU
		{B8B02050-4166-43FF-A969-D4988317CBD0}.Debug|Any CPU.Build.0 = Debug|Any CPU
		{B8B02050-4166-43FF-A969-D4988317CBD0}.Release|Any CPU.ActiveCfg = Release|Any CPU
		{B8B02050-4166-43FF-A969-D4988317CBD0}.Release|Any CPU.Build.0 = Release|Any CPU
	EndGlobalSection
	GlobalSection(SolutionProperties) = preSolution
		HideSolutionNode = FALSE
	EndGlobalSection
	GlobalSection(ExtensibilityGlobals) = postSolution
		SolutionGuid = {FA51D1A1-9BBF-4AD0-B409-87EC27977827}
	EndGlobalSection
EndGlobal
